
Microsoft Visual Studio Solution File, Format Version 12.00
# Visual Studio Version 17
VisualStudioVersion = 17.12.35527.113 d17.12
MinimumVisualStudioVersion = 10.0.40219.1
Project("{FAE04EC0-301F-11D3-BF4B-00C04F79EFBC}") = "TheCheesecakeWizard.API", "TheCheesecakeWizard.API\TheCheesecakeWizard.API.csproj", "{827A1216-C303-49DF-8E24-B72607572F55}"
EndProject
Project("{FAE04EC0-301F-11D3-BF4B-00C04F79EFBC}") = "TheCheesecakeWizard.DAL", "TheCheesecakeWizard.DAL\TheCheesecakeWizard.DAL.csproj", "{904DAA50-2322-42FC-9377-BC2749C44A58}"
EndProject
Project("{FAE04EC0-301F-11D3-BF4B-00C04F79EFBC}") = "TheCheesecakeWizard.BL", "TheCheesecakeWizard.BL\TheCheesecakeWizard.BL.csproj", "{C667A56F-162F-4DC7-B4A0-7CFF349C63ED}"
EndProject
Global
	GlobalSection(SolutionConfigurationPlatforms) = preSolution
		Debug|Any CPU = Debug|Any CPU
		Release|Any CPU = Release|Any CPU
	EndGlobalSection
	GlobalSection(ProjectConfigurationPlatforms) = postSolution
		{827A1216-C303-49DF-8E24-B72607572F55}.Debug|Any CPU.ActiveCfg = Debug|Any CPU
		{827A1216-C303-49DF-8E24-B72607572F55}.Debug|Any CPU.Build.0 = Debug|Any CPU
		{827A1216-C303-49DF-8E24-B72607572F55}.Release|Any CPU.ActiveCfg = Release|Any CPU
		{827A1216-C303-49DF-8E24-B72607572F55}.Release|Any CPU.Build.0 = Release|Any CPU
		{904DAA50-2322-42FC-9377-BC2749C44A58}.Debug|Any CPU.ActiveCfg = Debug|Any CPU
		{904DAA50-2322-42FC-9377-BC2749C44A58}.Debug|Any CPU.Build.0 = Debug|Any CPU
		{904DAA50-2322-42FC-9377-BC2749C44A58}.Release|Any CPU.ActiveCfg = Release|Any CPU
		{904DAA50-2322-42FC-9377-BC2749C44A58}.Release|Any CPU.Build.0 = Release|Any CPU
		{C667A56F-162F-4DC7-B4A0-7CFF349C63ED}.Debug|Any CPU.ActiveCfg = Debug|Any CPU
		{C667A56F-162F-4DC7-B4A0-7CFF349C63ED}.Debug|Any CPU.Build.0 = Debug|Any CPU
		{C667A56F-162F-4DC7-B4A0-7CFF349C63ED}.Release|Any CPU.ActiveCfg = Release|Any CPU
		{C667A56F-162F-4DC7-B4A0-7CFF349C63ED}.Release|Any CPU.Build.0 = Release|Any CPU
	EndGlobalSection
	GlobalSection(SolutionProperties) = preSolution
		HideSolutionNode = FALSE
	EndGlobalSection
EndGlobal
